// !$*UTF8*$!
{
	archiveVersion = 1;
	classes = {
	};
	objectVersion = 56;
	objects = {

/* Begin PBXBuildFile section */
		E83A68BD2BAAD79000EAFA3E /* AirbnbAppCloneSwiftUIApp.swift in Sources */ = {isa = PBXBuildFile; fileRef = E83A68BC2BAAD79000EAFA3E /* AirbnbAppCloneSwiftUIApp.swift */; };
		E83A68BF2BAAD79000EAFA3E /* ContentView.swift in Sources */ = {isa = PBXBuildFile; fileRef = E83A68BE2BAAD79000EAFA3E /* ContentView.swift */; };
		E83A68C12BAAD79200EAFA3E /* Assets.xcassets in Resources */ = {isa = PBXBuildFile; fileRef = E83A68C02BAAD79200EAFA3E /* Assets.xcassets */; };
		E83A68C42BAAD79200EAFA3E /* Preview Assets.xcassets in Resources */ = {isa = PBXBuildFile; fileRef = E83A68C32BAAD79200EAFA3E /* Preview Assets.xcassets */; };
		E83A68D82BAAE08C00EAFA3E /* ExploreView.swift in Sources */ = {isa = PBXBuildFile; fileRef = E83A68D72BAAE08C00EAFA3E /* ExploreView.swift */; };
		E83A68DA2BAAE49700EAFA3E /* ListingItemView.swift in Sources */ = {isa = PBXBuildFile; fileRef = E83A68D92BAAE49700EAFA3E /* ListingItemView.swift */; };
		E83A68DC2BAAEAA900EAFA3E /* SearchAndFilterBar.swift in Sources */ = {isa = PBXBuildFile; fileRef = E83A68DB2BAAEAA900EAFA3E /* SearchAndFilterBar.swift */; };
		E83A68DE2BAB05C800EAFA3E /* ListingDetailView.swift in Sources */ = {isa = PBXBuildFile; fileRef = E83A68DD2BAB05C800EAFA3E /* ListingDetailView.swift */; };
		E83A68E12BAB063500EAFA3E /* ListingImageCareuseView.swift in Sources */ = {isa = PBXBuildFile; fileRef = E83A68E02BAB063500EAFA3E /* ListingImageCareuseView.swift */; };
		E83A68E32BADC2EB00EAFA3E /* FeatureModel.swift in Sources */ = {isa = PBXBuildFile; fileRef = E83A68E22BADC2EB00EAFA3E /* FeatureModel.swift */; };
		E83A68E62BADE07600EAFA3E /* OfferModel.swift in Sources */ = {isa = PBXBuildFile; fileRef = E83A68E52BADE07600EAFA3E /* OfferModel.swift */; };
		E83A68E82BADE45800EAFA3E /* String.swift in Sources */ = {isa = PBXBuildFile; fileRef = E83A68E72BADE45800EAFA3E /* String.swift */; };
		E83A68EA2BAEDCAC00EAFA3E /* DestinationSearchView.swift in Sources */ = {isa = PBXBuildFile; fileRef = E83A68E92BAEDCAC00EAFA3E /* DestinationSearchView.swift */; };
/* End PBXBuildFile section */

/* Begin PBXFileReference section */
		E83A68B92BAAD79000EAFA3E /* AirbnbAppCloneSwiftUI.app */ = {isa = PBXFileReference; explicitFileType = wrapper.application; includeInIndex = 0; path = AirbnbAppCloneSwiftUI.app; sourceTree = BUILT_PRODUCTS_DIR; };
		E83A68BC2BAAD79000EAFA3E /* AirbnbAppCloneSwiftUIApp.swift */ = {isa = PBXFileReference; lastKnownFileType = sourcecode.swift; path = AirbnbAppCloneSwiftUIApp.swift; sourceTree = "<group>"; };
		E83A68BE2BAAD79000EAFA3E /* ContentView.swift */ = {isa = PBXFileReference; lastKnownFileType = sourcecode.swift; path = ContentView.swift; sourceTree = "<group>"; };
		E83A68C02BAAD79200EAFA3E /* Assets.xcassets */ = {isa = PBXFileReference; lastKnownFileType = folder.assetcatalog; path = Assets.xcassets; sourceTree = "<group>"; };
		E83A68C32BAAD79200EAFA3E /* Preview Assets.xcassets */ = {isa = PBXFileReference; lastKnownFileType = folder.assetcatalog; path = "Preview Assets.xcassets"; sourceTree = "<group>"; };
		E83A68D72BAAE08C00EAFA3E /* ExploreView.swift */ = {isa = PBXFileReference; lastKnownFileType = sourcecode.swift; path = ExploreView.swift; sourceTree = "<group>"; };
		E83A68D92BAAE49700EAFA3E /* ListingItemView.swift */ = {isa = PBXFileReference; lastKnownFileType = sourcecode.swift; path = ListingItemView.swift; sourceTree = "<group>"; };
		E83A68DB2BAAEAA900EAFA3E /* SearchAndFilterBar.swift */ = {isa = PBXFileReference; lastKnownFileType = sourcecode.swift; path = SearchAndFilterBar.swift; sourceTree = "<group>"; };
		E83A68DD2BAB05C800EAFA3E /* ListingDetailView.swift */ = {isa = PBXFileReference; lastKnownFileType = sourcecode.swift; path = ListingDetailView.swift; sourceTree = "<group>"; };
		E83A68E02BAB063500EAFA3E /* ListingImageCareuseView.swift */ = {isa = PBXFileReference; lastKnownFileType = sourcecode.swift; path = ListingImageCareuseView.swift; sourceTree = "<group>"; };
		E83A68E22BADC2EB00EAFA3E /* FeatureModel.swift */ = {isa = PBXFileReference; lastKnownFileType = sourcecode.swift; path = FeatureModel.swift; sourceTree = "<group>"; };
		E83A68E52BADE07600EAFA3E /* OfferModel.swift */ = {isa = PBXFileReference; lastKnownFileType = sourcecode.swift; path = OfferModel.swift; sourceTree = "<group>"; };
		E83A68E72BADE45800EAFA3E /* String.swift */ = {isa = PBXFileReference; lastKnownFileType = sourcecode.swift; path = String.swift; sourceTree = "<group>"; };
		E83A68E92BAEDCAC00EAFA3E /* DestinationSearchView.swift */ = {isa = PBXFileReference; lastKnownFileType = sourcecode.swift; path = DestinationSearchView.swift; sourceTree = "<group>"; };
/* End PBXFileReference section */

/* Begin PBXFrameworksBuildPhase section */
		E83A68B62BAAD79000EAFA3E /* Frameworks */ = {
			isa = PBXFrameworksBuildPhase;
			buildActionMask = 2147483647;
			files = (
			);
			runOnlyForDeploymentPostprocessing = 0;
		};
/* End PBXFrameworksBuildPhase section */

/* Begin PBXGroup section */
		E83A68B02BAAD79000EAFA3E = {
			isa = PBXGroup;
			children = (
				E83A68BB2BAAD79000EAFA3E /* AirbnbAppCloneSwiftUI */,
				E83A68CA2BAAD8C800EAFA3E /* Base */,
				E83A68CC2BAADD8300EAFA3E /* Core */,
				E83A68D32BAADDFC00EAFA3E /* Extensions */,
				E83A68D42BAADE0400EAFA3E /* Models */,
				E83A68D52BAADE0B00EAFA3E /* Utils */,
				E83A68BA2BAAD79000EAFA3E /* Products */,
			);
			sourceTree = "<group>";
		};
		E83A68BA2BAAD79000EAFA3E /* Products */ = {
			isa = PBXGroup;
			children = (
				E83A68B92BAAD79000EAFA3E /* AirbnbAppCloneSwiftUI.app */,
			);
			name = Products;
			sourceTree = "<group>";
		};
		E83A68BB2BAAD79000EAFA3E /* AirbnbAppCloneSwiftUI */ = {
			isa = PBXGroup;
			children = (
				E83A68BE2BAAD79000EAFA3E /* ContentView.swift */,
				E83A68C22BAAD79200EAFA3E /* Preview Content */,
			);
			path = AirbnbAppCloneSwiftUI;
			sourceTree = "<group>";
		};
		E83A68C22BAAD79200EAFA3E /* Preview Content */ = {
			isa = PBXGroup;
			children = (
				E83A68C32BAAD79200EAFA3E /* Preview Assets.xcassets */,
			);
			path = "Preview Content";
			sourceTree = "<group>";
		};
		E83A68CA2BAAD8C800EAFA3E /* Base */ = {
			isa = PBXGroup;
			children = (
				E83A68BC2BAAD79000EAFA3E /* AirbnbAppCloneSwiftUIApp.swift */,
				E83A68C02BAAD79200EAFA3E /* Assets.xcassets */,
			);
			path = Base;
			sourceTree = "<group>";
		};
		E83A68CB2BAADD5D00EAFA3E /* Explore */ = {
			isa = PBXGroup;
			children = (
				E83A68D72BAAE08C00EAFA3E /* ExploreView.swift */,
				E83A68DB2BAAEAA900EAFA3E /* SearchAndFilterBar.swift */,
				E83A68E92BAEDCAC00EAFA3E /* DestinationSearchView.swift */,
			);
			path = Explore;
			sourceTree = "<group>";
		};
		E83A68CC2BAADD8300EAFA3E /* Core */ = {
			isa = PBXGroup;
			children = (
				E83A68DF2BAB061900EAFA3E /* Components */,
				E83A68CB2BAADD5D00EAFA3E /* Explore */,
				E83A68CD2BAADDB100EAFA3E /* Listings */,
				E83A68D22BAADDEC00EAFA3E /* Wishlists */,
				E83A68D12BAADDE300EAFA3E /* Tabbar */,
				E83A68D02BAADDDE00EAFA3E /* Root */,
				E83A68CF2BAADDC700EAFA3E /* Profile */,
				E83A68CE2BAADDBD00EAFA3E /* MapView */,
			);
			path = Core;
			sourceTree = "<group>";
		};
		E83A68CD2BAADDB100EAFA3E /* Listings */ = {
			isa = PBXGroup;
			children = (
				E83A68D92BAAE49700EAFA3E /* ListingItemView.swift */,
				E83A68DD2BAB05C800EAFA3E /* ListingDetailView.swift */,
			);
			path = Listings;
			sourceTree = "<group>";
		};
		E83A68CE2BAADDBD00EAFA3E /* MapView */ = {
			isa = PBXGroup;
			children = (
			);
			path = MapView;
			sourceTree = "<group>";
		};
		E83A68CF2BAADDC700EAFA3E /* Profile */ = {
			isa = PBXGroup;
			children = (
			);
			path = Profile;
			sourceTree = "<group>";
		};
		E83A68D02BAADDDE00EAFA3E /* Root */ = {
			isa = PBXGroup;
			children = (
			);
			path = Root;
			sourceTree = "<group>";
		};
		E83A68D12BAADDE300EAFA3E /* Tabbar */ = {
			isa = PBXGroup;
			children = (
			);
			path = Tabbar;
			sourceTree = "<group>";
		};
		E83A68D22BAADDEC00EAFA3E /* Wishlists */ = {
			isa = PBXGroup;
			children = (
			);
			path = Wishlists;
			sourceTree = "<group>";
		};
		E83A68D32BAADDFC00EAFA3E /* Extensions */ = {
			isa = PBXGroup;
			children = (
				E83A68E72BADE45800EAFA3E /* String.swift */,
			);
			path = Extensions;
			sourceTree = "<group>";
		};
		E83A68D42BAADE0400EAFA3E /* Models */ = {
			isa = PBXGroup;
			children = (
				E83A68E22BADC2EB00EAFA3E /* FeatureModel.swift */,
				E83A68E52BADE07600EAFA3E /* OfferModel.swift */,
			);
			path = Models;
			sourceTree = "<group>";
		};
		E83A68D52BAADE0B00EAFA3E /* Utils */ = {
			isa = PBXGroup;
			children = (
			);
			path = Utils;
			sourceTree = "<group>";
		};
		E83A68DF2BAB061900EAFA3E /* Components */ = {
			isa = PBXGroup;
			children = (
				E83A68E02BAB063500EAFA3E /* ListingImageCareuseView.swift */,
			);
			path = Components;
			sourceTree = "<group>";
		};
/* End PBXGroup section */

/* Begin PBXNativeTarget section */
		E83A68B82BAAD79000EAFA3E /* AirbnbAppCloneSwiftUI */ = {
			isa = PBXNativeTarget;
			buildConfigurationList = E83A68C72BAAD79200EAFA3E /* Build configuration list for PBXNativeTarget "AirbnbAppCloneSwiftUI" */;
			buildPhases = (
				E83A68B52BAAD79000EAFA3E /* Sources */,
				E83A68B62BAAD79000EAFA3E /* Frameworks */,
				E83A68B72BAAD79000EAFA3E /* Resources */,
			);
			buildRules = (
			);
			dependencies = (
			);
			name = AirbnbAppCloneSwiftUI;
			productName = AirbnbAppCloneSwiftUI;
			productReference = E83A68B92BAAD79000EAFA3E /* AirbnbAppCloneSwiftUI.app */;
			productType = "com.apple.product-type.application";
		};
/* End PBXNativeTarget section */

/* Begin PBXProject section */
		E83A68B12BAAD79000EAFA3E /* Project object */ = {
			isa = PBXProject;
			attributes = {
				BuildIndependentTargetsInParallel = 1;
				LastSwiftUpdateCheck = 1500;
				LastUpgradeCheck = 1500;
				TargetAttributes = {
					E83A68B82BAAD79000EAFA3E = {
						CreatedOnToolsVersion = 15.0;
					};
				};
			};
			buildConfigurationList = E83A68B42BAAD79000EAFA3E /* Build configuration list for PBXProject "AirbnbAppCloneSwiftUI" */;
			compatibilityVersion = "Xcode 14.0";
			developmentRegion = en;
			hasScannedForEncodings = 0;
			knownRegions = (
				en,
				Base,
			);
			mainGroup = E83A68B02BAAD79000EAFA3E;
			productRefGroup = E83A68BA2BAAD79000EAFA3E /* Products */;
			projectDirPath = "";
			projectRoot = "";
			targets = (
				E83A68B82BAAD79000EAFA3E /* AirbnbAppCloneSwiftUI */,
			);
		};
/* End PBXProject section */

/* Begin PBXResourcesBuildPhase section */
		E83A68B72BAAD79000EAFA3E /* Resources */ = {
			isa = PBXResourcesBuildPhase;
			buildActionMask = 2147483647;
			files = (
				E83A68C42BAAD79200EAFA3E /* Preview Assets.xcassets in Resources */,
				E83A68C12BAAD79200EAFA3E /* Assets.xcassets in Resources */,
			);
			runOnlyForDeploymentPostprocessing = 0;
		};
/* End PBXResourcesBuildPhase section */

/* Begin PBXSourcesBuildPhase section */
		E83A68B52BAAD79000EAFA3E /* Sources */ = {
			isa = PBXSourcesBuildPhase;
			buildActionMask = 2147483647;
			files = (
				E83A68E12BAB063500EAFA3E /* ListingImageCareuseView.swift in Sources */,
				E83A68BF2BAAD79000EAFA3E /* ContentView.swift in Sources */,
				E83A68E82BADE45800EAFA3E /* String.swift in Sources */,
				E83A68E32BADC2EB00EAFA3E /* FeatureModel.swift in Sources */,
				E83A68DA2BAAE49700EAFA3E /* ListingItemView.swift in Sources */,
				E83A68D82BAAE08C00EAFA3E /* ExploreView.swift in Sources */,
				E83A68DC2BAAEAA900EAFA3E /* SearchAndFilterBar.swift in Sources */,
				E83A68DE2BAB05C800EAFA3E /* ListingDetailView.swift in Sources */,
				E83A68BD2BAAD79000EAFA3E /* AirbnbAppCloneSwiftUIApp.swift in Sources */,
				E83A68E62BADE07600EAFA3E /* OfferModel.swift in Sources */,
				E83A68EA2BAEDCAC00EAFA3E /* DestinationSearchView.swift in Sources */,
			);
			runOnlyForDeploymentPostprocessing = 0;
		};
/* End PBXSourcesBuildPhase section */

/* Begin XCBuildConfiguration section */
		E83A68C52BAAD79200EAFA3E /* Debug */ = {
			isa = XCBuildConfiguration;
			buildSettings = {
				ALWAYS_SEARCH_USER_PATHS = NO;
				ASSETCATALOG_COMPILER_GENERATE_SWIFT_ASSET_SYMBOL_EXTENSIONS = YES;
				CLANG_ANALYZER_NONNULL = YES;
				CLANG_ANALYZER_NUMBER_OBJECT_CONVERSION = YES_AGGRESSIVE;
				CLANG_CXX_LANGUAGE_STANDARD = "gnu++20";
				CLANG_ENABLE_MODULES = YES;
				CLANG_ENABLE_OBJC_ARC = YES;
				CLANG_ENABLE_OBJC_WEAK = YES;
				CLANG_WARN_BLOCK_CAPTURE_AUTORELEASING = YES;
				CLANG_WARN_BOOL_CONVERSION = YES;
				CLANG_WARN_COMMA = YES;
				CLANG_WARN_CONSTANT_CONVERSION = YES;
				CLANG_WARN_DEPRECATED_OBJC_IMPLEMENTATIONS = YES;
				CLANG_WARN_DIRECT_OBJC_ISA_USAGE = YES_ERROR;
				CLANG_WARN_DOCUMENTATION_COMMENTS = YES;
				CLANG_WARN_EMPTY_BODY = YES;
				CLANG_WARN_ENUM_CONVERSION = YES;
				CLANG_WARN_INFINITE_RECURSION = YES;
				CLANG_WARN_INT_CONVERSION = YES;
				CLANG_WARN_NON_LITERAL_NULL_CONVERSION = YES;
				CLANG_WARN_OBJC_IMPLICIT_RETAIN_SELF = YES;
				CLANG_WARN_OBJC_LITERAL_CONVERSION = YES;
				CLANG_WARN_OBJC_ROOT_CLASS = YES_ERROR;
				CLANG_WARN_QUOTED_INCLUDE_IN_FRAMEWORK_HEADER = YES;
				CLANG_WARN_RANGE_LOOP_ANALYSIS = YES;
				CLANG_WARN_STRICT_PROTOTYPES = YES;
				CLANG_WARN_SUSPICIOUS_MOVE = YES;
				CLANG_WARN_UNGUARDED_AVAILABILITY = YES_AGGRESSIVE;
				CLANG_WARN_UNREACHABLE_CODE = YES;
				CLANG_WARN__DUPLICATE_METHOD_MATCH = YES;
				COPY_PHASE_STRIP = NO;
				DEBUG_INFORMATION_FORMAT = dwarf;
				ENABLE_STRICT_OBJC_MSGSEND = YES;
				ENABLE_TESTABILITY = YES;
				ENABLE_USER_SCRIPT_SANDBOXING = YES;
				GCC_C_LANGUAGE_STANDARD = gnu17;
				GCC_DYNAMIC_NO_PIC = NO;
				GCC_NO_COMMON_BLOCKS = YES;
				GCC_OPTIMIZATION_LEVEL = 0;
				GCC_PREPROCESSOR_DEFINITIONS = (
					"DEBUG=1",
					"$(inherited)",
				);
				GCC_WARN_64_TO_32_BIT_CONVERSION = YES;
				GCC_WARN_ABOUT_RETURN_TYPE = YES_ERROR;
				GCC_WARN_UNDECLARED_SELECTOR = YES;
				GCC_WARN_UNINITIALIZED_AUTOS = YES_AGGRESSIVE;
				GCC_WARN_UNUSED_FUNCTION = YES;
				GCC_WARN_UNUSED_VARIABLE = YES;
				IPHONEOS_DEPLOYMENT_TARGET = 17.0;
				LOCALIZATION_PREFERS_STRING_CATALOGS = YES;
				MTL_ENABLE_DEBUG_INFO = INCLUDE_SOURCE;
				MTL_FAST_MATH = YES;
				ONLY_ACTIVE_ARCH = YES;
				SDKROOT = iphoneos;
				SWIFT_ACTIVE_COMPILATION_CONDITIONS = "DEBUG $(inherited)";
				SWIFT_OPTIMIZATION_LEVEL = "-Onone";
			};
			name = Debug;
		};
		E83A68C62BAAD79200EAFA3E /* Release */ = {
			isa = XCBuildConfiguration;
			buildSettings = {
				ALWAYS_SEARCH_USER_PATHS = NO;
				ASSETCATALOG_COMPILER_GENERATE_SWIFT_ASSET_SYMBOL_EXTENSIONS = YES;
				CLANG_ANALYZER_NONNULL = YES;
				CLANG_ANALYZER_NUMBER_OBJECT_CONVERSION = YES_AGGRESSIVE;
				CLANG_CXX_LANGUAGE_STANDARD = "gnu++20";
				CLANG_ENABLE_MODULES = YES;
				CLANG_ENABLE_OBJC_ARC = YES;
				CLANG_ENABLE_OBJC_WEAK = YES;
				CLANG_WARN_BLOCK_CAPTURE_AUTORELEASING = YES;
				CLANG_WARN_BOOL_CONVERSION = YES;
				CLANG_WARN_COMMA = YES;
				CLANG_WARN_CONSTANT_CONVERSION = YES;
				CLANG_WARN_DEPRECATED_OBJC_IMPLEMENTATIONS = YES;
				CLANG_WARN_DIRECT_OBJC_ISA_USAGE = YES_ERROR;
				CLANG_WARN_DOCUMENTATION_COMMENTS = YES;
				CLANG_WARN_EMPTY_BODY = YES;
				CLANG_WARN_ENUM_CONVERSION = YES;
				CLANG_WARN_INFINITE_RECURSION = YES;
				CLANG_WARN_INT_CONVERSION = YES;
				CLANG_WARN_NON_LITERAL_NULL_CONVERSION = YES;
				CLANG_WARN_OBJC_IMPLICIT_RETAIN_SELF = YES;
				CLANG_WARN_OBJC_LITERAL_CONVERSION = YES;
				CLANG_WARN_OBJC_ROOT_CLASS = YES_ERROR;
				CLANG_WARN_QUOTED_INCLUDE_IN_FRAMEWORK_HEADER = YES;
				CLANG_WARN_RANGE_LOOP_ANALYSIS = YES;
				CLANG_WARN_STRICT_PROTOTYPES = YES;
				CLANG_WARN_SUSPICIOUS_MOVE = YES;
				CLANG_WARN_UNGUARDED_AVAILABILITY = YES_AGGRESSIVE;
				CLANG_WARN_UNREACHABLE_CODE = YES;
				CLANG_WARN__DUPLICATE_METHOD_MATCH = YES;
				COPY_PHASE_STRIP = NO;
				DEBUG_INFORMATION_FORMAT = "dwarf-with-dsym";
				ENABLE_NS_ASSERTIONS = NO;
				ENABLE_STRICT_OBJC_MSGSEND = YES;
				ENABLE_USER_SCRIPT_SANDBOXING = YES;
				GCC_C_LANGUAGE_STANDARD = gnu17;
				GCC_NO_COMMON_BLOCKS = YES;
				GCC_WARN_64_TO_32_BIT_CONVERSION = YES;
				GCC_WARN_ABOUT_RETURN_TYPE = YES_ERROR;
				GCC_WARN_UNDECLARED_SELECTOR = YES;
				GCC_WARN_UNINITIALIZED_AUTOS = YES_AGGRESSIVE;
				GCC_WARN_UNUSED_FUNCTION = YES;
				GCC_WARN_UNUSED_VARIABLE = YES;
				IPHONEOS_DEPLOYMENT_TARGET = 17.0;
				LOCALIZATION_PREFERS_STRING_CATALOGS = YES;
				MTL_ENABLE_DEBUG_INFO = NO;
				MTL_FAST_MATH = YES;
				SDKROOT = iphoneos;
				SWIFT_COMPILATION_MODE = wholemodule;
				VALIDATE_PRODUCT = YES;
			};
			name = Release;
		};
		E83A68C82BAAD79200EAFA3E /* Debug */ = {
			isa = XCBuildConfiguration;
			buildSettings = {
				ASSETCATALOG_COMPILER_APPICON_NAME = AppIcon;
				ASSETCATALOG_COMPILER_GLOBAL_ACCENT_COLOR_NAME = AccentColor;
				CODE_SIGN_STYLE = Automatic;
				CURRENT_PROJECT_VERSION = 1;
				DEVELOPMENT_ASSET_PATHS = "\"AirbnbAppCloneSwiftUI/Preview Content\"";
				DEVELOPMENT_TEAM = LFZX9FGKB4;
				ENABLE_PREVIEWS = YES;
				GENERATE_INFOPLIST_FILE = YES;
				INFOPLIST_KEY_UIApplicationSceneManifest_Generation = YES;
				INFOPLIST_KEY_UIApplicationSupportsIndirectInputEvents = YES;
				INFOPLIST_KEY_UILaunchScreen_Generation = YES;
				INFOPLIST_KEY_UISupportedInterfaceOrientations_iPad = "UIInterfaceOrientationPortrait UIInterfaceOrientationPortraitUpsideDown UIInterfaceOrientationLandscapeLeft UIInterfaceOrientationLandscapeRight";
				INFOPLIST_KEY_UISupportedInterfaceOrientations_iPhone = "UIInterfaceOrientationPortrait UIInterfaceOrientationLandscapeLeft UIInterfaceOrientationLandscapeRight";
				LD_RUNPATH_SEARCH_PATHS = (
					"$(inherited)",
					"@executable_path/Frameworks",
				);
				MARKETING_VERSION = 1.0;
				PRODUCT_BUNDLE_IDENTIFIER = mineRala.AirbnbAppCloneSwiftUI;
				PRODUCT_NAME = "$(TARGET_NAME)";
				SWIFT_EMIT_LOC_STRINGS = YES;
				SWIFT_VERSION = 5.0;
				TARGETED_DEVICE_FAMILY = "1,2";
			};
			name = Debug;
		};
		E83A68C92BAAD79200EAFA3E /* Release */ = {
			isa = XCBuildConfiguration;
			buildSettings = {
				ASSETCATALOG_COMPILER_APPICON_NAME = AppIcon;
				ASSETCATALOG_COMPILER_GLOBAL_ACCENT_COLOR_NAME = AccentColor;
				CODE_SIGN_STYLE = Automatic;
				CURRENT_PROJECT_VERSION = 1;
				DEVELOPMENT_ASSET_PATHS = "\"AirbnbAppCloneSwiftUI/Preview Content\"";
				DEVELOPMENT_TEAM = LFZX9FGKB4;
				ENABLE_PREVIEWS = YES;
				GENERATE_INFOPLIST_FILE = YES;
				INFOPLIST_KEY_UIApplicationSceneManifest_Generation = YES;
				INFOPLIST_KEY_UIApplicationSupportsIndirectInputEvents = YES;
				INFOPLIST_KEY_UILaunchScreen_Generation = YES;
				INFOPLIST_KEY_UISupportedInterfaceOrientations_iPad = "UIInterfaceOrientationPortrait UIInterfaceOrientationPortraitUpsideDown UIInterfaceOrientationLandscapeLeft UIInterfaceOrientationLandscapeRight";
				INFOPLIST_KEY_UISupportedInterfaceOrientations_iPhone = "UIInterfaceOrientationPortrait UIInterfaceOrientationLandscapeLeft UIInterfaceOrientationLandscapeRight";
				LD_RUNPATH_SEARCH_PATHS = (
					"$(inherited)",
					"@executable_path/Frameworks",
				);
				MARKETING_VERSION = 1.0;
				PRODUCT_BUNDLE_IDENTIFIER = mineRala.AirbnbAppCloneSwiftUI;
				PRODUCT_NAME = "$(TARGET_NAME)";
				SWIFT_EMIT_LOC_STRINGS = YES;
				SWIFT_VERSION = 5.0;
				TARGETED_DEVICE_FAMILY = "1,2";
			};
			name = Release;
		};
/* End XCBuildConfiguration section */

/* Begin XCConfigurationList section */
		E83A68B42BAAD79000EAFA3E /* Build configuration list for PBXProject "AirbnbAppCloneSwiftUI" */ = {
			isa = XCConfigurationList;
			buildConfigurations = (
				E83A68C52BAAD79200EAFA3E /* Debug */,
				E83A68C62BAAD79200EAFA3E /* Release */,
			);
			defaultConfigurationIsVisible = 0;
			defaultConfigurationName = Release;
		};
		E83A68C72BAAD79200EAFA3E /* Build configuration list for PBXNativeTarget "AirbnbAppCloneSwiftUI" */ = {
			isa = XCConfigurationList;
			buildConfigurations = (
				E83A68C82BAAD79200EAFA3E /* Debug */,
				E83A68C92BAAD79200EAFA3E /* Release */,
			);
			defaultConfigurationIsVisible = 0;
			defaultConfigurationName = Release;
		};
/* End XCConfigurationList section */
	};
	rootObject = E83A68B12BAAD79000EAFA3E /* Project object */;
}
